
Microsoft Visual Studio Solution File, Format Version 12.00
# Visual Studio Version 17
VisualStudioVersion = 17.13.35913.81 d17.13
MinimumVisualStudioVersion = 10.0.40219.1
Project("{FAE04EC0-301F-11D3-BF4B-00C04F79EFBC}") = "apiPeliculas", "apiPeliculas.csproj", "{3A8322D0-8147-453E-B1D6-FCF901D8767A}"
EndProject
Global
	GlobalSection(SolutionConfigurationPlatforms) = preSolution
		Debug|Any CPU = Debug|Any CPU
		Release|Any CPU = Release|Any CPU
	EndGlobalSection
	GlobalSection(ProjectConfigurationPlatforms) = postSolution
		{3A8322D0-8147-453E-B1D6-FCF901D8767A}.Debug|Any CPU.ActiveCfg = Debug|Any CPU
		{3A8322D0-8147-453E-B1D6-FCF901D8767A}.Debug|Any CPU.Build.0 = Debug|Any CPU
		{3A8322D0-8147-453E-B1D6-FCF901D8767A}.Release|Any CPU.ActiveCfg = Release|Any CPU
		{3A8322D0-8147-453E-B1D6-FCF901D8767A}.Release|Any CPU.Build.0 = Release|Any CPU
	EndGlobalSection
	GlobalSection(SolutionProperties) = preSolution
		HideSolutionNode = FALSE
	EndGlobalSection
	GlobalSection(ExtensibilityGlobals) = postSolution
		SolutionGuid = {24EEE0F6-E296-418B-B1A4-F81F54A7FCAD}
	EndGlobalSection
EndGlobal
